
Microsoft Visual Studio Solution File, Format Version 12.00
# Visual Studio Version 17
VisualStudioVersion = 17.6.33723.286
MinimumVisualStudioVersion = 10.0.40219.1
Project("{9A19103F-16F7-4668-BE54-9A1E7A4F7556}") = "ToolsServer", "ToolsServer.csproj", "{BD33F941-C21B-419C-87C1-4844AE417E9A}"
EndProject
Project("{9A19103F-16F7-4668-BE54-9A1E7A4F7556}") = "FilesClient", "..\FilesClient\FilesClient.csproj", "{AAFF3518-3B02-4E47-80F9-93C0F5C9BF5E}"
EndProject
Global
	GlobalSection(SolutionConfigurationPlatforms) = preSolution
		Debug|Any CPU = Debug|Any CPU
		Release|Any CPU = Release|Any CPU
	EndGlobalSection
	GlobalSection(ProjectConfigurationPlatforms) = postSolution
		{BD33F941-C21B-419C-87C1-4844AE417E9A}.Debug|Any CPU.ActiveCfg = Debug|Any CPU
		{BD33F941-C21B-419C-87C1-4844AE417E9A}.Debug|Any CPU.Build.0 = Debug|Any CPU
		{BD33F941-C21B-419C-87C1-4844AE417E9A}.Release|Any CPU.ActiveCfg = Release|Any CPU
		{BD33F941-C21B-419C-87C1-4844AE417E9A}.Release|Any CPU.Build.0 = Release|Any CPU
		{AAFF3518-3B02-4E47-80F9-93C0F5C9BF5E}.Debug|Any CPU.ActiveCfg = Debug|Any CPU
		{AAFF3518-3B02-4E47-80F9-93C0F5C9BF5E}.Debug|Any CPU.Build.0 = Debug|Any CPU
		{AAFF3518-3B02-4E47-80F9-93C0F5C9BF5E}.Release|Any CPU.ActiveCfg = Release|Any CPU
		{AAFF3518-3B02-4E47-80F9-93C0F5C9BF5E}.Release|Any CPU.Build.0 = Release|Any CPU
	EndGlobalSection
	GlobalSection(SolutionProperties) = preSolution
		HideSolutionNode = FALSE
	EndGlobalSection
	GlobalSection(ExtensibilityGlobals) = postSolution
		SolutionGuid = {C184D179-0A74-4421-8158-0DAD6E80D39C}
	EndGlobalSection
EndGlobal
